
Microsoft Visual Studio Solution File, Format Version 12.00
# Visual Studio Version 17
VisualStudioVersion = 17.0.31912.275
MinimumVisualStudioVersion = 10.0.40219.1
Project("{FAE04EC0-301F-11D3-BF4B-00C04F79EFBC}") = "PizzaDeliveryBackend", "PizzaDeliveryBackend\PizzaDeliveryBackend.csproj", "{7ADBFBE7-9886-4A9F-8C3C-FD86F2601C6E}"
EndProject
Global
	GlobalSection(SolutionConfigurationPlatforms) = preSolution
		Debug|Any CPU = Debug|Any CPU
		Release|Any CPU = Release|Any CPU
	EndGlobalSection
	GlobalSection(ProjectConfigurationPlatforms) = postSolution
		{7ADBFBE7-9886-4A9F-8C3C-FD86F2601C6E}.Debug|Any CPU.ActiveCfg = Debug|Any CPU
		{7ADBFBE7-9886-4A9F-8C3C-FD86F2601C6E}.Debug|Any CPU.Build.0 = Debug|Any CPU
		{7ADBFBE7-9886-4A9F-8C3C-FD86F2601C6E}.Release|Any CPU.ActiveCfg = Release|Any CPU
		{7ADBFBE7-9886-4A9F-8C3C-FD86F2601C6E}.Release|Any CPU.Build.0 = Release|Any CPU
	EndGlobalSection
	GlobalSection(SolutionProperties) = preSolution
		HideSolutionNode = FALSE
	EndGlobalSection
	GlobalSection(ExtensibilityGlobals) = postSolution
		SolutionGuid = {C0DCCF37-9C47-4609-81C6-92B2D7B60A66}
	EndGlobalSection
EndGlobal
